
Microsoft Visual Studio Solution File, Format Version 11.00
# Visual C++ Express 2010
Project("{8BC9CEB8-8B4A-11D0-8D11-00A0C91BC942}") = "FirstDll", "FirstDll\FirstDll.vcxproj", "{F7210B2E-2BCE-41A0-BDC5-CD7D3C036CFF}"
EndProject
Project("{8BC9CEB8-8B4A-11D0-8D11-00A0C91BC942}") = "FirstDllClient", "FirstDllClient\FirstDllClient.vcxproj", "{BFF3693E-E4A4-4B95-9FEB-E497CF40007B}"
EndProject
Global
	GlobalSection(SolutionConfigurationPlatforms) = preSolution
		Debug|Win32 = Debug|Win32
		Release|Win32 = Release|Win32
	EndGlobalSection
	GlobalSection(ProjectConfigurationPlatforms) = postSolution
		{F7210B2E-2BCE-41A0-BDC5-CD7D3C036CFF}.Debug|Win32.ActiveCfg = Debug|Win32
		{F7210B2E-2BCE-41A0-BDC5-CD7D3C036CFF}.Debug|Win32.Build.0 = Debug|Win32
		{F7210B2E-2BCE-41A0-BDC5-CD7D3C036CFF}.Release|Win32.ActiveCfg = Release|Win32
		{F7210B2E-2BCE-41A0-BDC5-CD7D3C036CFF}.Release|Win32.Build.0 = Release|Win32
		{BFF3693E-E4A4-4B95-9FEB-E497CF40007B}.Debug|Win32.ActiveCfg = Debug|Win32
		{BFF3693E-E4A4-4B95-9FEB-E497CF40007B}.Debug|Win32.Build.0 = Debug|Win32
		{BFF3693E-E4A4-4B95-9FEB-E497CF40007B}.Release|Win32.ActiveCfg = Release|Win32
		{BFF3693E-E4A4-4B95-9FEB-E497CF40007B}.Release|Win32.Build.0 = Release|Win32
	EndGlobalSection
	GlobalSection(SolutionProperties) = preSolution
		HideSolutionNode = FALSE
	EndGlobalSection
EndGlobal
